
Microsoft Visual Studio Solution File, Format Version 12.00
# Visual Studio Version 16
VisualStudioVersion = 16.0.29102.190
MinimumVisualStudioVersion = 10.0.40219.1
Project("{FAE04EC0-301F-11D3-BF4B-00C04F79EFBC}") = "CwordTester", "CwordTester\CwordTester.csproj", "{D2B4B93E-4054-4371-A0F9-193053182829}"
EndProject
Project("{FAE04EC0-301F-11D3-BF4B-00C04F79EFBC}") = "CwordBuilder", "CwordBuilder\CwordBuilder.csproj", "{A4119320-B340-4241-A6BC-88351EB67043}"
EndProject
Project("{FAE04EC0-301F-11D3-BF4B-00C04F79EFBC}") = "CwordCommon", "CwordCommon\CwordCommon.csproj", "{8EF2689D-B0CC-4092-AC6A-36AB71FE0B7F}"
EndProject
Global
	GlobalSection(SolutionConfigurationPlatforms) = preSolution
		Debug|Any CPU = Debug|Any CPU
		Release|Any CPU = Release|Any CPU
	EndGlobalSection
	GlobalSection(ProjectConfigurationPlatforms) = postSolution
		{D2B4B93E-4054-4371-A0F9-193053182829}.Debug|Any CPU.ActiveCfg = Debug|Any CPU
		{D2B4B93E-4054-4371-A0F9-193053182829}.Debug|Any CPU.Build.0 = Debug|Any CPU
		{D2B4B93E-4054-4371-A0F9-193053182829}.Release|Any CPU.ActiveCfg = Release|Any CPU
		{D2B4B93E-4054-4371-A0F9-193053182829}.Release|Any CPU.Build.0 = Release|Any CPU
		{A4119320-B340-4241-A6BC-88351EB67043}.Debug|Any CPU.ActiveCfg = Debug|Any CPU
		{A4119320-B340-4241-A6BC-88351EB67043}.Debug|Any CPU.Build.0 = Debug|Any CPU
		{A4119320-B340-4241-A6BC-88351EB67043}.Release|Any CPU.ActiveCfg = Release|Any CPU
		{A4119320-B340-4241-A6BC-88351EB67043}.Release|Any CPU.Build.0 = Release|Any CPU
		{8EF2689D-B0CC-4092-AC6A-36AB71FE0B7F}.Debug|Any CPU.ActiveCfg = Debug|Any CPU
		{8EF2689D-B0CC-4092-AC6A-36AB71FE0B7F}.Debug|Any CPU.Build.0 = Debug|Any CPU
		{8EF2689D-B0CC-4092-AC6A-36AB71FE0B7F}.Release|Any CPU.ActiveCfg = Release|Any CPU
		{8EF2689D-B0CC-4092-AC6A-36AB71FE0B7F}.Release|Any CPU.Build.0 = Release|Any CPU
	EndGlobalSection
	GlobalSection(SolutionProperties) = preSolution
		HideSolutionNode = FALSE
	EndGlobalSection
	GlobalSection(ExtensibilityGlobals) = postSolution
		SolutionGuid = {EEC03983-657A-4CF5-9CCF-8EF740A60F02}
	EndGlobalSection
EndGlobal
